
Microsoft Visual Studio Solution File, Format Version 12.00
# Visual Studio 15
VisualStudioVersion = 15.0.27130.2036
MinimumVisualStudioVersion = 10.0.40219.1
Project("{FAE04EC0-301F-11D3-BF4B-00C04F79EFBC}") = "JellyTools.Logger", "..\LoggerPOC\JellyTools.Logger\JellyTools.Logger.csproj", "{0AC686A8-26F7-4BD7-815C-DE2C9BBCD0A8}"
EndProject
Global
	GlobalSection(SolutionConfigurationPlatforms) = preSolution
		Debug|Any CPU = Debug|Any CPU
		Release|Any CPU = Release|Any CPU
	EndGlobalSection
	GlobalSection(ProjectConfigurationPlatforms) = postSolution
		{0AC686A8-26F7-4BD7-815C-DE2C9BBCD0A8}.Debug|Any CPU.ActiveCfg = Debug|Any CPU
		{0AC686A8-26F7-4BD7-815C-DE2C9BBCD0A8}.Debug|Any CPU.Build.0 = Debug|Any CPU
		{0AC686A8-26F7-4BD7-815C-DE2C9BBCD0A8}.Release|Any CPU.ActiveCfg = Release|Any CPU
		{0AC686A8-26F7-4BD7-815C-DE2C9BBCD0A8}.Release|Any CPU.Build.0 = Release|Any CPU
	EndGlobalSection
	GlobalSection(SolutionProperties) = preSolution
		HideSolutionNode = FALSE
	EndGlobalSection
	GlobalSection(ExtensibilityGlobals) = postSolution
		SolutionGuid = {8C6BCEA5-7689-4C96-BAB4-71D797519883}
	EndGlobalSection
EndGlobal
